
Microsoft Visual Studio Solution File, Format Version 12.00
# Visual Studio Version 16
VisualStudioVersion = 16.0.30804.86
MinimumVisualStudioVersion = 10.0.40219.1
Project("{FAE04EC0-301F-11D3-BF4B-00C04F79EFBC}") = "WebApplication1", "WebApplication1.csproj", "{2630A574-1F07-4C94-97E2-27FC7C254136}"
EndProject
Global
	GlobalSection(SolutionConfigurationPlatforms) = preSolution
		Debug|Any CPU = Debug|Any CPU
		Release|Any CPU = Release|Any CPU
	EndGlobalSection
	GlobalSection(ProjectConfigurationPlatforms) = postSolution
		{2630A574-1F07-4C94-97E2-27FC7C254136}.Debug|Any CPU.ActiveCfg = Debug|Any CPU
		{2630A574-1F07-4C94-97E2-27FC7C254136}.Debug|Any CPU.Build.0 = Debug|Any CPU
		{2630A574-1F07-4C94-97E2-27FC7C254136}.Release|Any CPU.ActiveCfg = Release|Any CPU
		{2630A574-1F07-4C94-97E2-27FC7C254136}.Release|Any CPU.Build.0 = Release|Any CPU
	EndGlobalSection
	GlobalSection(SolutionProperties) = preSolution
		HideSolutionNode = FALSE
	EndGlobalSection
	GlobalSection(ExtensibilityGlobals) = postSolution
		SolutionGuid = {F140D3DB-1B10-4FFA-8354-F66F126B38FD}
	EndGlobalSection
EndGlobal
